version = 1
revision = 3
requires-python = "==3.12.*"

[[package]]
name = "colorama"
version = "0.4.6"
source = { registry = "https://pypi.org/simple" }
sdist = { url = "https://files.pythonhosted.org/packages/d8/53/6f443c9a4a8358a93a6792e2acffb9d9d5cb0a5cfd8802644b7b1c9a02e4/colorama-0.4.6.tar.gz", hash = "sha256:08695f5cb7ed6e0531a20572697297273c47b8cae5a63ffc6d6ed5c201be6e44", size = 27697, upload-time = "2022-10-25T02:36:22.414Z" }
wheels = [
    { url = "https://files.pythonhosted.org/packages/d1/d6/3965ed04c63042e047cb6a3e6ed1a63a35087b6a609aa3a15ed8ac56c221/colorama-0.4.6-py2.py3-none-any.whl", hash = "sha256:4f1d9991f5acc0ca119f9d443620b77f9d6b33703e51011c16baf57afb285fc6", size = 25335, upload-time = "2022-10-25T02:36:20.889Z" },
]

[[package]]
name = "coverage"
version = "7.6.10"
source = { registry = "https://pypi.org/simple" }
sdist = { url = "https://files.pythonhosted.org/packages/84/ba/ac14d281f80aab516275012e8875991bb06203957aa1e19950139238d658/coverage-7.6.10.tar.gz", hash = "sha256:7fb105327c8f8f0682e29843e2ff96af9dcbe5bab8eeb4b398c6a33a16d80a23", size = 803868, upload-time = "2024-12-26T16:59:18.734Z" }
wheels = [
    { url = "https://files.pythonhosted.org/packages/86/77/19d09ea06f92fdf0487499283b1b7af06bc422ea94534c8fe3a4cd023641/coverage-7.6.10-cp312-cp312-macosx_10_13_x86_64.whl", hash = "sha256:27c6e64726b307782fa5cbe531e7647aee385a29b2107cd87ba7c0105a5d3853", size = 208281, upload-time = "2024-12-26T16:57:42.968Z" },
    { url = "https://files.pythonhosted.org/packages/b6/67/5479b9f2f99fcfb49c0d5cf61912a5255ef80b6e80a3cddba39c38146cf4/coverage-7.6.10-cp312-cp312-macosx_11_0_arm64.whl", hash = "sha256:c56e097019e72c373bae32d946ecf9858fda841e48d82df7e81c63ac25554078", size = 208514, upload-time = "2024-12-26T16:57:45.747Z" },
    { url = "https://files.pythonhosted.org/packages/15/d1/febf59030ce1c83b7331c3546d7317e5120c5966471727aa7ac157729c4b/coverage-7.6.10-cp312-cp312-manylinux_2_17_aarch64.manylinux2014_aarch64.whl", hash = "sha256:c7827a5bc7bdb197b9e066cdf650b2887597ad124dd99777332776f7b7c7d0d0", size = 241537, upload-time = "2024-12-26T16:57:48.647Z" },
    { url = "https://files.pythonhosted.org/packages/4b/7e/5ac4c90192130e7cf8b63153fe620c8bfd9068f89a6d9b5f26f1550f7a26/coverage-7.6.10-cp312-cp312-manylinux_2_5_i686.manylinux1_i686.manylinux_2_17_i686.manylinux2014_i686.whl", hash = "sha256:204a8238afe787323a8b47d8be4df89772d5c1e4651b9ffa808552bdf20e1d50", size = 238572, upload-time = "2024-12-26T16:57:51.668Z" },
    { url = "https://files.pythonhosted.org/packages/dc/03/0334a79b26ecf59958f2fe9dd1f5ab3e2f88db876f5071933de39af09647/coverage-7.6.10-cp312-cp312-manylinux_2_5_x86_64.manylinux1_x86_64.manylinux_2_17_x86_64.manylinux2014_x86_64.whl", hash = "sha256:e67926f51821b8e9deb6426ff3164870976fe414d033ad90ea75e7ed0c2e5022", size = 240639, upload-time = "2024-12-26T16:57:53.175Z" },
    { url = "https://files.pythonhosted.org/packages/d7/45/8a707f23c202208d7b286d78ad6233f50dcf929319b664b6cc18a03c1aae/coverage-7.6.10-cp312-cp312-musllinux_1_2_aarch64.whl", hash = "sha256:e78b270eadb5702938c3dbe9367f878249b5ef9a2fcc5360ac7bff694310d17b", size = 240072, upload-time = "2024-12-26T16:57:56.087Z" },
    { url = "https://files.pythonhosted.org/packages/66/02/603ce0ac2d02bc7b393279ef618940b4a0535b0868ee791140bda9ecfa40/coverage-7.6.10-cp312-cp312-musllinux_1_2_i686.whl", hash = "sha256:714f942b9c15c3a7a5fe6876ce30af831c2ad4ce902410b7466b662358c852c0", size = 238386, upload-time = "2024-12-26T16:57:57.572Z" },
    { url = "https://files.pythonhosted.org/packages/04/62/4e6887e9be060f5d18f1dd58c2838b2d9646faf353232dec4e2d4b1c8644/coverage-7.6.10-cp312-cp312-musllinux_1_2_x86_64.whl", hash = "sha256:abb02e2f5a3187b2ac4cd46b8ced85a0858230b577ccb2c62c81482ca7d18852", size = 240054, upload-time = "2024-12-26T16:57:58.967Z" },
    { url = "https://files.pythonhosted.org/packages/5c/74/83ae4151c170d8bd071924f212add22a0e62a7fe2b149edf016aeecad17c/coverage-7.6.10-cp312-cp312-win32.whl", hash = "sha256:55b201b97286cf61f5e76063f9e2a1d8d2972fc2fcfd2c1272530172fd28c359", size = 210904, upload-time = "2024-12-26T16:58:00.688Z" },
    { url = "https://files.pythonhosted.org/packages/c3/54/de0893186a221478f5880283119fc40483bc460b27c4c71d1b8bba3474b9/coverage-7.6.10-cp312-cp312-win_amd64.whl", hash = "sha256:e4ae5ac5e0d1e4edfc9b4b57b4cbecd5bc266a6915c500f358817a8496739247", size = 211692, upload-time = "2024-12-26T16:58:02.35Z" },
]

[[package]]
name = "ensoniq"
version = "0.2.2"
source = { editable = "." }
dependencies = [
    { name = "mido" },
    { name = "pyside6" },
    { name = "pyside6-addons" },
    { name = "pyside6-essentials" },
    { name = "python-rtmidi" },
    { name = "shiboken6" },
]

[package.optional-dependencies]
dev = [
    { name = "coverage" },
    { name = "pypdf" },
    { name = "pytest" },
    { name = "pytest-qt" },
]

[package.metadata]
requires-dist = [
    { name = "coverage", marker = "extra == 'dev'", specifier = "==7.6.10" },
    { name = "mido", specifier = "==1.3.3" },
    { name = "pypdf", marker = "extra == 'dev'", specifier = ">=6.0" },
    { name = "pyside6", specifier = "==6.10.2" },
    { name = "pyside6-addons", specifier = "==6.10.2" },
    { name = "pyside6-essentials", specifier = "==6.10.2" },
    { name = "pytest", marker = "extra == 'dev'", specifier = "==8.3.4" },
    { name = "pytest-qt", marker = "extra == 'dev'", specifier = "==4.4.0" },
    { name = "python-rtmidi", specifier = "==1.5.8" },
    { name = "shiboken6", specifier = "==6.10.2" },
]
provides-extras = ["dev"]

[[package]]
name = "iniconfig"
version = "2.3.0"
source = { registry = "https://pypi.org/simple" }
sdist = { url = "https://files.pythonhosted.org/packages/72/34/14ca021ce8e5dfedc35312d08ba8bf51fdd999c576889fc2c24cb97f4f10/iniconfig-2.3.0.tar.gz", hash = "sha256:c76315c77db068650d49c5b56314774a7804df16fee4402c1f19d6d15d8c4730", size = 20503, upload-time = "2025-10-18T21:55:43.219Z" }
wheels = [
    { url = "https://files.pythonhosted.org/packages/cb/b1/3846dd7f199d53cb17f49cba7e651e9ce294d8497c8c150530ed11865bb8/iniconfig-2.3.0-py3-none-any.whl", hash = "sha256:f631c04d2c48c52b84d0d0549c99ff3859c98df65b3101406327ecc7d53fbf12", size = 7484, upload-time = "2025-10-18T21:55:41.639Z" },
]

[[package]]
name = "mido"
version = "1.3.3"
source = { registry = "https://pypi.org/simple" }
dependencies = [
    { name = "packaging" },
]
sdist = { url = "https://files.pythonhosted.org/packages/23/14/cfda3fe61ce4c0f50a9f707ae02b46cb53211732b2cd4522bf06272848f4/mido-1.3.3.tar.gz", hash = "sha256:1aecb30b7f282404f17e43768cbf74a6a31bf22b3b783bdd117a1ce9d22cb74c", size = 124288, upload-time = "2024-10-25T15:05:21.847Z" }
wheels = [
    { url = "https://files.pythonhosted.org/packages/fd/28/45deb15c11859d2f10702b32e71de9328a9fa494f989626916db39a9617f/mido-1.3.3-py3-none-any.whl", hash = "sha256:01033c9b10b049e4436fca2762194ca839b09a4334091dd3c34e7f4ae674fd8a", size = 54614, upload-time = "2024-10-25T15:05:20.349Z" },
]

[[package]]
name = "packaging"
version = "26.0"
source = { registry = "https://pypi.org/simple" }
sdist = { url = "https://files.pythonhosted.org/packages/65/ee/299d360cdc32edc7d2cf530f3accf79c4fca01e96ffc950d8a52213bd8e4/packaging-26.0.tar.gz", hash = "sha256:00243ae351a257117b6a241061796684b084ed1c516a08c48a3f7e147a9d80b4", size = 143416, upload-time = "2026-01-21T20:50:39.064Z" }
wheels = [
    { url = "https://files.pythonhosted.org/packages/b7/b9/c538f279a4e237a006a2c98387d081e9eb060d203d8ed34467cc0f0b9b53/packaging-26.0-py3-none-any.whl", hash = "sha256:b36f1fef9334a5588b4166f8bcd26a14e521f2b55e6b9de3aaa80d3ff7a37529", size = 74366, upload-time = "2026-01-21T20:50:37.788Z" },
]

[[package]]
name = "pluggy"
version = "1.6.0"
source = { registry = "https://pypi.org/simple" }
sdist = { url = "https://files.pythonhosted.org/packages/f9/e2/3e91f31a7d2b083fe6ef3fa267035b518369d9511ffab804f839851d2779/pluggy-1.6.0.tar.gz", hash = "sha256:7dcc130b76258d33b90f61b658791dede3486c3e6bfb003ee5c9bfb396dd22f3", size = 69412, upload-time = "2025-05-15T12:30:07.975Z" }
wheels = [
    { url = "https://files.pythonhosted.org/packages/54/20/4d324d65cc6d9205fabedc306948156824eb9f0ee1633355a8f7ec5c66bf/pluggy-1.6.0-py3-none-any.whl", hash = "sha256:e920276dd6813095e9377c0bc5566d94c932c33b27a3e3945d8389c374dd4746", size = 20538, upload-time = "2025-05-15T12:30:06.134Z" },
]

[[package]]
name = "pypdf"
version = "6.9.1"
source = { registry = "https://pypi.org/simple" }
sdist = { url = "https://files.pythonhosted.org/packages/f9/fb/dc2e8cb006e80b0020ed20d8649106fe4274e82d8e756ad3e24ade19c0df/pypdf-6.9.1.tar.gz", hash = "sha256:ae052407d33d34de0c86c5c729be6d51010bf36e03035a8f23ab449bca52377d", size = 5311551, upload-time = "2026-03-17T10:46:07.876Z" }
wheels = [
    { url = "https://files.pythonhosted.org/packages/f9/f4/75543fa802b86e72f87e9395440fe1a89a6d149887e3e55745715c3352ac/pypdf-6.9.1-py3-none-any.whl", hash = "sha256:f35a6a022348fae47e092a908339a8f3dc993510c026bb39a96718fc7185e89f", size = 333661, upload-time = "2026-03-17T10:46:06.286Z" },
]

[[package]]
name = "pyside6"
version = "6.10.2"
source = { registry = "https://pypi.org/simple" }
dependencies = [
    { name = "pyside6-addons" },
    { name = "pyside6-essentials" },
    { name = "shiboken6" },
]
wheels = [
    { url = "https://files.pythonhosted.org/packages/35/0f/5736889fc850794623692cb369e295a994175e51295fa52134626f486296/pyside6-6.10.2-cp39-abi3-macosx_13_0_universal2.whl", hash = "sha256:4b084293caa7845d0064aaf6af258e0f7caae03a14a33537d0a552131afddaf0", size = 563185, upload-time = "2026-02-02T08:50:47.161Z" },
    { url = "https://files.pythonhosted.org/packages/35/d3/ab5cd2fac3d34469c7376e0cd18eec92905dbe44748c70bda7699a2a7206/pyside6-6.10.2-cp39-abi3-manylinux_2_34_x86_64.whl", hash = "sha256:1b89ce8558d4b4f35b85bff1db90d680912e4d3ce9e79ff804d6fef1d1a151ef", size = 563357, upload-time = "2026-02-02T08:50:48.919Z" },
    { url = "https://files.pythonhosted.org/packages/ea/8c/55bbd50c138c8dc12edc9f25e9d94760a33e574905468e98dff399094baa/pyside6-6.10.2-cp39-abi3-manylinux_2_39_aarch64.whl", hash = "sha256:0439f5e9b10ebe6177981bac9e219096ec970ac6ec215bef055279802ba50601", size = 563357, upload-time = "2026-02-02T08:50:50.077Z" },
    { url = "https://files.pythonhosted.org/packages/4f/d4/673b8112b4a260377f760be835c4e357163fdaf68a56a1aec59aeb8e584b/pyside6-6.10.2-cp39-abi3-win_amd64.whl", hash = "sha256:032bad6b18a17fcbf4dddd0397f49b07f8aae7f1a45b7e4de7037bf7fd6e0edf", size = 569554, upload-time = "2026-02-02T08:50:51.147Z" },
    { url = "https://files.pythonhosted.org/packages/14/95/bda648fcccf61fe58cb417284716ae30acdddd44f7d4cbad6eea4ccaa872/pyside6-6.10.2-cp39-abi3-win_arm64.whl", hash = "sha256:65a59ad0bc92525639e3268d590948ce07a80ee97b55e7a9200db41d493cac31", size = 553828, upload-time = "2026-02-02T08:50:52.244Z" },
]

[[package]]
name = "pyside6-addons"
version = "6.10.2"
source = { registry = "https://pypi.org/simple" }
dependencies = [
    { name = "pyside6-essentials" },
    { name = "shiboken6" },
]
wheels = [
    { url = "https://files.pythonhosted.org/packages/61/06/c283567628ffa2cefc3c72374ad607f1dfc9842a03db65f1347b9ae52bee/pyside6_addons-6.10.2-cp39-abi3-macosx_13_0_universal2.whl", hash = "sha256:0de7d0c9535e17d5e3b634b61314a1867f3b0f6d35c3d7cdc99efc353192faff", size = 322745605, upload-time = "2026-02-02T08:39:19.929Z" },
    { url = "https://files.pythonhosted.org/packages/a5/69/e1ab8c756fd3984b1fd7b186446227f524f6b561160bfbfdba8874b4709a/pyside6_addons-6.10.2-cp39-abi3-manylinux_2_34_x86_64.whl", hash = "sha256:030a851163b51dbf0063be59e9ddb6a9e760bde89a28e461ccc81a224d286eaf", size = 170718434, upload-time = "2026-02-02T08:40:55.989Z" },
    { url = "https://files.pythonhosted.org/packages/df/e5/18ba86ba86d1231c486d36f9accfe862ed6eb52ca0b698aeaf6e837a87ca/pyside6_addons-6.10.2-cp39-abi3-manylinux_2_39_aarch64.whl", hash = "sha256:fcee0373e3fd7b98f014094e5e37b4a39e4de7c5a47c13f654a7d557d4a426ad", size = 166423836, upload-time = "2026-02-02T08:42:44.918Z" },
    { url = "https://files.pythonhosted.org/packages/99/13/503bec9201881968c372cb634069535e80aec2489f3907d676e151a1023f/pyside6_addons-6.10.2-cp39-abi3-win_amd64.whl", hash = "sha256:c20150068525a17494f3b6576c5d61c417cf9a5870659e29f5ebd83cd20a78ea", size = 164712775, upload-time = "2026-02-02T08:43:23.729Z" },
    { url = "https://files.pythonhosted.org/packages/b6/39/44d6710b4dd18d745077b5fc6ded4ba6f32987a6e49c5834529e50f02155/pyside6_addons-6.10.2-cp39-abi3-win_arm64.whl", hash = "sha256:3d18db739b46946ba7b722d8ad4cc2097135033aa6ea57076e64d591e6a345f3", size = 34041396, upload-time = "2026-02-02T08:43:31.246Z" },
]

[[package]]
name = "pyside6-essentials"
version = "6.10.2"
source = { registry = "https://pypi.org/simple" }
dependencies = [
    { name = "shiboken6" },
]
wheels = [
    { url = "https://files.pythonhosted.org/packages/1d/2e/5f18a77f5e0bd730bacec93a690d0ef3c96a9711d213653eacecbf241b8d/pyside6_essentials-6.10.2-cp39-abi3-macosx_13_0_universal2.whl", hash = "sha256:1dee2cb9803ff135f881dadeb5c0edcef793d1ec4f8a9140a1348cecb71074e1", size = 105913067, upload-time = "2026-02-02T08:45:37.508Z" },
    { url = "https://files.pythonhosted.org/packages/99/20/3a6ca95052e1744b5a3eba164e2dd451d358a3dcaf78179de4b45c8e3f47/pyside6_essentials-6.10.2-cp39-abi3-manylinux_2_34_x86_64.whl", hash = "sha256:660aea45bfa36f1e06f799b934c2a7df963bd31abc5083e8bb8a5bfaef45686b", size = 77027153, upload-time = "2026-02-02T08:45:53.09Z" },
    { url = "https://files.pythonhosted.org/packages/93/a6/6073e4ddc2a5c7b3941606e4bc8bbaadcf0737f57450620b0793041c8d22/pyside6_essentials-6.10.2-cp39-abi3-manylinux_2_39_aarch64.whl", hash = "sha256:c2b028e4c6f8047a02c31f373408e23b4eedfd405f56c6aba8d0525c29472835", size = 76114242, upload-time = "2026-02-02T08:46:07.184Z" },
    { url = "https://files.pythonhosted.org/packages/22/a8/616bbbd009efd3e17bf9a2db09d90c6764c010565cd2bdea2a240bfd18f7/pyside6_essentials-6.10.2-cp39-abi3-win_amd64.whl", hash = "sha256:0741018c2b6395038cad4c41775cfae3f13a409e87995ac9f7d89e5b1fb6b22a", size = 74546490, upload-time = "2026-02-02T08:46:26.395Z" },
    { url = "https://files.pythonhosted.org/packages/b9/f9/c9757a984c4ffb6d12fab69e966d95dfc862a5d44e12b7900f3a03780b76/pyside6_essentials-6.10.2-cp39-abi3-win_arm64.whl", hash = "sha256:db5f4913648bb6afddb8b347edae151ee2378f12bceb03c8b2515a530a4b38d9", size = 55258626, upload-time = "2026-02-02T08:46:36.788Z" },
]

[[package]]
name = "pytest"
version = "8.3.4"
source = { registry = "https://pypi.org/simple" }
dependencies = [
    { name = "colorama", marker = "sys_platform == 'win32'" },
    { name = "iniconfig" },
    { name = "packaging" },
    { name = "pluggy" },
]
sdist = { url = "https://files.pythonhosted.org/packages/05/35/30e0d83068951d90a01852cb1cef56e5d8a09d20c7f511634cc2f7e0372a/pytest-8.3.4.tar.gz", hash = "sha256:965370d062bce11e73868e0335abac31b4d3de0e82f4007408d242b4f8610761", size = 1445919, upload-time = "2024-12-01T12:54:25.98Z" }
wheels = [
    { url = "https://files.pythonhosted.org/packages/11/92/76a1c94d3afee238333bc0a42b82935dd8f9cf8ce9e336ff87ee14d9e1cf/pytest-8.3.4-py3-none-any.whl", hash = "sha256:50e16d954148559c9a74109af1eaf0c945ba2d8f30f0a3d3335edde19788b6f6", size = 343083, upload-time = "2024-12-01T12:54:19.735Z" },
]

[[package]]
name = "pytest-qt"
version = "4.4.0"
source = { registry = "https://pypi.org/simple" }
dependencies = [
    { name = "pluggy" },
    { name = "pytest" },
]
sdist = { url = "https://files.pythonhosted.org/packages/53/2c/6a477108342bbe1f5a81a2c54c86c3efadc35f6ad47c76f00c75764a0f7c/pytest-qt-4.4.0.tar.gz", hash = "sha256:76896142a940a4285339008d6928a36d4be74afec7e634577e842c9cc5c56844", size = 125443, upload-time = "2024-02-07T21:22:15.849Z" }
wheels = [
    { url = "https://files.pythonhosted.org/packages/4c/51/6cc5b9c1ecdcd78e6cde97e03d05f5a4ace8f720c5ce0f26f9dce474a0da/pytest_qt-4.4.0-py3-none-any.whl", hash = "sha256:001ed2f8641764b394cf286dc8a4203e40eaf9fff75bf0bfe5103f7f8d0c591d", size = 36286, upload-time = "2024-02-07T21:22:13.295Z" },
]

[[package]]
name = "python-rtmidi"
version = "1.5.8"
source = { registry = "https://pypi.org/simple" }
sdist = { url = "https://files.pythonhosted.org/packages/dd/ee/0f91965dcc471714c69df21e5ca3d94dc81411b7dee2d31ff1184bea07c9/python_rtmidi-1.5.8.tar.gz", hash = "sha256:7f9ade68b068ae09000ecb562ae9521da3a234361ad5449e83fc734544d004fa", size = 368130, upload-time = "2023-11-20T21:55:02.192Z" }
wheels = [
    { url = "https://files.pythonhosted.org/packages/51/27/887b0378e0a907489a07bdeb808fa5ed349675245c6ee14d9f6d00304f96/python_rtmidi-1.5.8-cp312-cp312-macosx_10_9_x86_64.whl", hash = "sha256:5443634597eb340cdec0734f76267a827c2d366f00a6f9195141c78828016ac2", size = 158861, upload-time = "2023-11-20T21:54:39.549Z" },
    { url = "https://files.pythonhosted.org/packages/4d/ec/57cecde253daab896ce53778520cd41eb062641862ebdb0ee6f97511b1d9/python_rtmidi-1.5.8-cp312-cp312-macosx_11_0_arm64.whl", hash = "sha256:29d9c9d9f82ce679fecad7bb4cb79f3a24574ea84600e377194b4cc1baacec0e", size = 153416, upload-time = "2023-11-20T21:54:40.835Z" },
    { url = "https://files.pythonhosted.org/packages/6f/5b/dc19c53d9d512b74dc2cca3725591cc612b9465645695a0696352a8c8b54/python_rtmidi-1.5.8-cp312-cp312-manylinux_2_28_aarch64.whl", hash = "sha256:25f5a5db7be98911c41ca5bebb262fcf9a7c89600b88fd3c207ceafd3101e721", size = 305696, upload-time = "2023-11-20T21:54:42.037Z" },
    { url = "https://files.pythonhosted.org/packages/f6/92/5a60f56dfb2740e644e932233928947423cd2101895319b331f84527eb31/python_rtmidi-1.5.8-cp312-cp312-manylinux_2_28_x86_64.whl", hash = "sha256:cec30924e305f55284594ccf35a71dee7216fd308dfa2dec1b3ed03e6f243803", size = 315579, upload-time = "2023-11-20T21:54:43.339Z" },
    { url = "https://files.pythonhosted.org/packages/93/46/6af077d262f521ea2bf1ab60b8aad72f34fe6dd55af739176605369d449c/python_rtmidi-1.5.8-cp312-cp312-win_amd64.whl", hash = "sha256:052c89933cae4fca354012d8ca7248f4f9e1e3f062471409d48415a7f7d7e59e", size = 129755, upload-time = "2023-11-20T21:54:44.935Z" },
]

[[package]]
name = "shiboken6"
version = "6.10.2"
source = { registry = "https://pypi.org/simple" }
wheels = [
    { url = "https://files.pythonhosted.org/packages/fb/38/3912eb08a3b865b5fcdb4bdce8076cacc211986cee587f5cb62e637791af/shiboken6-6.10.2-cp39-abi3-macosx_13_0_universal2.whl", hash = "sha256:3bd4e94e9a3c8c1fa8362fd752d399ef39265d5264e4e37bae61cdaa2a00c8c7", size = 479829, upload-time = "2026-02-02T08:50:22.495Z" },
    { url = "https://files.pythonhosted.org/packages/52/88/292e0576489c46624ab419ee284ac5a59ae10e2eb34a58b6abca51dfd290/shiboken6-6.10.2-cp39-abi3-manylinux_2_34_x86_64.whl", hash = "sha256:ace0790032d9cb0adda644b94ee28d59410180d9773643bb6cf8438c361987ad", size = 273052, upload-time = "2026-02-02T08:50:24.539Z" },
    { url = "https://files.pythonhosted.org/packages/06/c2/03d44d34e8264e1f25671677fece95b414c70fd85dcc2be8d5e821ee2628/shiboken6-6.10.2-cp39-abi3-manylinux_2_39_aarch64.whl", hash = "sha256:f74d3ed1f92658077d0630c39e694eb043aeb1d830a5d275176c45d07147427f", size = 269868, upload-time = "2026-02-02T08:50:25.662Z" },
    { url = "https://files.pythonhosted.org/packages/71/5d/5ca52c0ef86b3d01572131b6709bd531a080995f7e680720e9424328ce1d/shiboken6-6.10.2-cp39-abi3-win_amd64.whl", hash = "sha256:10f3c8c5e1b8bee779346f21c10dbc14cff068f0b0b4e62420c82a6bf36ac2e7", size = 1222052, upload-time = "2026-02-02T08:50:27.502Z" },
    { url = "https://files.pythonhosted.org/packages/46/52/421fd378313c89b67ee7d584bf4e9ec088fa1804891b8d74e02b16703457/shiboken6-6.10.2-cp39-abi3-win_arm64.whl", hash = "sha256:20c671645d70835af212ee05df60361d734c5305edb2746e9875c6a31283f963", size = 1784089, upload-time = "2026-02-02T08:50:29.069Z" },
]
